{
  "name": "typescript",
  "lockfileVersion": 3,
  "requires": true,
  "packages": {
    "": {
      "dependencies": {
        "@lionweb/class-core": "0.7.1",
        "@lionweb/class-core-generator": "0.7.1",
        "@lionweb/core": "0.7.1",
        "@lionweb/utilities": "0.7.1"
      }
    },
    "node_modules/@lionweb/class-core": {
      "version": "0.7.1",
      "resolved": "https://registry.npmjs.org/@lionweb/class-core/-/class-core-0.7.1.tgz",
      "integrity": "sha512-OZM6+AimWKZxq0Zcae3LaFnFYYL+GkVuCvhD8ZOAUgkex5UhXookbQqLjvgWAkKaTM0V8M8Hfv03D0EV5f4I+A==",
      "license": "Apache-2.0",
      "dependencies": {
        "@lionweb/core": "0.7.1",
        "@lionweb/json": "0.7.1",
        "@lionweb/ts-utils": "0.7.1",
        "littoral-templates": "0.5.1",
        "mobx": "6.13.7"
      }
    },
    "node_modules/@lionweb/class-core-generator": {
      "version": "0.7.1",
      "resolved": "https://registry.npmjs.org/@lionweb/class-core-generator/-/class-core-generator-0.7.1.tgz",
      "integrity": "sha512-kxpQeBcd36j0rHAS5VkURgXZdoSVKfRu+cXOdWkmXkQhapnWs6mzM4rdHeRQlEwJsu/nxdmgTVQZlSmCGWDhqA==",
      "license": "Apache-2.0",
      "dependencies": {
        "@lionweb/core": "0.7.1",
        "@lionweb/io-lionweb-mps-specific": "0.7.1",
        "@lionweb/json": "0.7.1",
        "@lionweb/textgen-utils": "0.7.1",
        "@lionweb/ts-utils": "0.7.1",
        "@lionweb/utilities": "0.7.1",
        "@types/node": "24.3.0",
        "littoral-templates": "0.5.1"
      }
    },
    "node_modules/@lionweb/core": {
      "version": "0.7.1",
      "resolved": "https://registry.npmjs.org/@lionweb/core/-/core-0.7.1.tgz",
      "integrity": "sha512-DARHX/UXCiU5kCLvA454SIhOWRxVzeTKpppWXHLZ+Rgv1iGnGIcvP5cG49oJaQ3e/kfYhx6LrDLQt6iR4dzXbQ==",
      "license": "Apache-2.0",
      "dependencies": {
        "@lionweb/json": "0.7.1",
        "@lionweb/ts-utils": "0.7.1"
      }
    },
    "node_modules/@lionweb/io-lionweb-mps-specific": {
      "version": "0.7.1",
      "resolved": "https://registry.npmjs.org/@lionweb/io-lionweb-mps-specific/-/io-lionweb-mps-specific-0.7.1.tgz",
      "integrity": "sha512-4h58AK3nepp+9JdIaDB9nJxxn/0rCb2xmyfhyx/HpCh9mu3dafOgibt2VbIbrnOIVwVRl265+JwHbGFhCRCaxA==",
      "license": "Apache-2.0",
      "dependencies": {
        "@lionweb/core": "0.7.1",
        "@lionweb/json": "0.7.1",
        "@lionweb/textgen-utils": "0.7.1",
        "@lionweb/ts-utils": "0.7.1",
        "littoral-templates": "0.5.1"
      }
    },
    "node_modules/@lionweb/json": {
      "version": "0.7.1",
      "resolved": "https://registry.npmjs.org/@lionweb/json/-/json-0.7.1.tgz",
      "integrity": "sha512-AkNwXhVh6a26shX1AW/4xwCH5NGNDVNdiWM0xTneA9XNBSTK4KxqzqqUxPb0eM4tcgTzkJX2/JXbmg2bXPTbyQ==",
      "license": "Apache-2.0"
    },
    "node_modules/@lionweb/textgen-utils": {
      "version": "0.7.1",
      "resolved": "https://registry.npmjs.org/@lionweb/textgen-utils/-/textgen-utils-0.7.1.tgz",
      "integrity": "sha512-kdAdMC4jQQrofPButLLDz+r7EVEuI5DD8xZZbShW/HTsm3D5hlT2T+kGF1NFEPQOxlKVN9JGOoy9KRTxQ78lpg==",
      "license": "Apache-2.0",
      "dependencies": {
        "@lionweb/ts-utils": "0.7.1",
        "littoral-templates": "0.5.1"
      }
    },
    "node_modules/@lionweb/ts-utils": {
      "version": "0.7.1",
      "resolved": "https://registry.npmjs.org/@lionweb/ts-utils/-/ts-utils-0.7.1.tgz",
      "integrity": "sha512-k5sb3EUjXfyVg2X73WkNHBFlIj6MzP496E8Mb0knntm5iSDLPdwS+xJ6J6AszCs2c8gb4wTtQdnRuiM5lKw16g==",
      "license": "Apache-2.0"
    },
    "node_modules/@lionweb/utilities": {
      "version": "0.7.1",
      "resolved": "https://registry.npmjs.org/@lionweb/utilities/-/utilities-0.7.1.tgz",
      "integrity": "sha512-Sa4UiPahkQL2MCUgNXxIK9GwJMxw33D/CcOlY+FDIZo7gzaAhcdHtQtiT7UKM+2gErW0Ww1JH/ntTy8mdL2taQ==",
      "license": "Apache-2.0",
      "dependencies": {
        "@lionweb/core": "0.7.1",
        "@lionweb/json": "0.7.1",
        "@lionweb/textgen-utils": "0.7.1",
        "@lionweb/ts-utils": "0.7.1",
        "littoral-templates": "0.5.1",
        "nanoid": "5.1.5"
      }
    },
    "node_modules/@types/node": {
      "version": "24.3.0",
      "resolved": "https://registry.npmjs.org/@types/node/-/node-24.3.0.tgz",
      "integrity": "sha512-aPTXCrfwnDLj4VvXrm+UUCQjNEvJgNA8s5F1cvwQU+3KNltTOkBm1j30uNLyqqPNe7gE3KFzImYoZEfLhp4Yow==",
      "license": "MIT",
      "dependencies": {
        "undici-types": "~7.10.0"
      }
    },
    "node_modules/littoral-templates": {
      "version": "0.5.1",
      "resolved": "https://registry.npmjs.org/littoral-templates/-/littoral-templates-0.5.1.tgz",
      "integrity": "sha512-a3v7j5L/H1DKyFFX053XM+wpYiJHlgUWo1D8oDZ1bxV3mBwy144KIdri+ewz35j559rdpbjc6yPnjes+/ZvVig==",
      "license": "MIT"
    },
    "node_modules/mobx": {
      "version": "6.13.7",
      "resolved": "https://registry.npmjs.org/mobx/-/mobx-6.13.7.tgz",
      "integrity": "sha512-aChaVU/DO5aRPmk1GX8L+whocagUUpBQqoPtJk+cm7UOXUk87J4PeWCh6nNmTTIfEhiR9DI/+FnA8dln/hTK7g==",
      "license": "MIT",
      "funding": {
        "type": "opencollective",
        "url": "https://opencollective.com/mobx"
      }
    },
    "node_modules/nanoid": {
      "version": "5.1.5",
      "resolved": "https://registry.npmjs.org/nanoid/-/nanoid-5.1.5.tgz",
      "integrity": "sha512-Ir/+ZpE9fDsNH0hQ3C68uyThDXzYcim2EqcZ8zn8Chtt1iylPT9xXJB0kPCnqzgcEGikO9RxSrh63MsmVCU7Fw==",
      "funding": [
        {
          "type": "github",
          "url": "https://github.com/sponsors/ai"
        }
      ],
      "license": "MIT",
      "bin": {
        "nanoid": "bin/nanoid.js"
      },
      "engines": {
        "node": "^18 || >=20"
      }
    },
    "node_modules/undici-types": {
      "version": "7.10.0",
      "resolved": "https://registry.npmjs.org/undici-types/-/undici-types-7.10.0.tgz",
      "integrity": "sha512-t5Fy/nfn+14LuOc2KNYg75vZqClpAiqscVvMygNnlsHBFpSXdJaYtXMcdNLpl/Qvc3P2cB3s6lOV51nqsFq4ag==",
      "license": "MIT"
    }
  }
}
